// !$*UTF8*$!
{
	archiveVersion = 1;
	classes = {
	};
	objectVersion = 56;
	objects = {

/* Begin PBXBuildFile section */
		8C47E894291A95630069D887 /* AppDelegate.swift in Sources */ = {isa = PBXBuildFile; fileRef = 8C47E893291A95630069D887 /* AppDelegate.swift */; };
		8C47E896291A95630069D887 /* SceneDelegate.swift in Sources */ = {isa = PBXBuildFile; fileRef = 8C47E895291A95630069D887 /* SceneDelegate.swift */; };
		8C47E898291A95630069D887 /* ViewController.swift in Sources */ = {isa = PBXBuildFile; fileRef = 8C47E897291A95630069D887 /* ViewController.swift */; };
		8C47E89B291A95630069D887 /* Main.storyboard in Resources */ = {isa = PBXBuildFile; fileRef = 8C47E899291A95630069D887 /* Main.storyboard */; };
		8C47E89E291A95630069D887 /* Assignment_Pallav.xcdatamodeld in Sources */ = {isa = PBXBuildFile; fileRef = 8C47E89C291A95630069D887 /* Assignment_Pallav.xcdatamodeld */; };
		8C47E8A0291A95650069D887 /* Assets.xcassets in Resources */ = {isa = PBXBuildFile; fileRef = 8C47E89F291A95650069D887 /* Assets.xcassets */; };
		8C47E8A3291A95650069D887 /* LaunchScreen.storyboard in Resources */ = {isa = PBXBuildFile; fileRef = 8C47E8A1291A95650069D887 /* LaunchScreen.storyboard */; };
		8C47E8AE291A95650069D887 /* Assignment_PallavTests.swift in Sources */ = {isa = PBXBuildFile; fileRef = 8C47E8AD291A95650069D887 /* Assignment_PallavTests.swift */; };
		8C47E8B8291A95650069D887 /* Assignment_PallavUITests.swift in Sources */ = {isa = PBXBuildFile; fileRef = 8C47E8B7291A95650069D887 /* Assignment_PallavUITests.swift */; };
		8C47E8BA291A95650069D887 /* Assignment_PallavUITestsLaunchTests.swift in Sources */ = {isa = PBXBuildFile; fileRef = 8C47E8B9291A95650069D887 /* Assignment_PallavUITestsLaunchTests.swift */; };
/* End PBXBuildFile section */

/* Begin PBXContainerItemProxy section */
		8C47E8AA291A95650069D887 /* PBXContainerItemProxy */ = {
			isa = PBXContainerItemProxy;
			containerPortal = 8C47E888291A95630069D887 /* Project object */;
			proxyType = 1;
			remoteGlobalIDString = 8C47E88F291A95630069D887;
			remoteInfo = Assignment_Pallav;
		};
		8C47E8B4291A95650069D887 /* PBXContainerItemProxy */ = {
			isa = PBXContainerItemProxy;
			containerPortal = 8C47E888291A95630069D887 /* Project object */;
			proxyType = 1;
			remoteGlobalIDString = 8C47E88F291A95630069D887;
			remoteInfo = Assignment_Pallav;
		};
/* End PBXContainerItemProxy section */

/* Begin PBXFileReference section */
		8C47E890291A95630069D887 /* Assignment_Pallav.app */ = {isa = PBXFileReference; explicitFileType = wrapper.application; includeInIndex = 0; path = Assignment_Pallav.app; sourceTree = BUILT_PRODUCTS_DIR; };
		8C47E893291A95630069D887 /* AppDelegate.swift */ = {isa = PBXFileReference; lastKnownFileType = sourcecode.swift; path = AppDelegate.swift; sourceTree = "<group>"; };
		8C47E895291A95630069D887 /* SceneDelegate.swift */ = {isa = PBXFileReference; lastKnownFileType = sourcecode.swift; path = SceneDelegate.swift; sourceTree = "<group>"; };
		8C47E897291A95630069D887 /* ViewController.swift */ = {isa = PBXFileReference; lastKnownFileType = sourcecode.swift; path = ViewController.swift; sourceTree = "<group>"; };
		8C47E89A291A95630069D887 /* Base */ = {isa = PBXFileReference; lastKnownFileType = file.storyboard; name = Base; path = Base.lproj/Main.storyboard; sourceTree = "<group>"; };
		8C47E89D291A95630069D887 /* Assignment_Pallav.xcdatamodel */ = {isa = PBXFileReference; lastKnownFileType = wrapper.xcdatamodel; path = Assignment_Pallav.xcdatamodel; sourceTree = "<group>"; };
		8C47E89F291A95650069D887 /* Assets.xcassets */ = {isa = PBXFileReference; lastKnownFileType = folder.assetcatalog; path = Assets.xcassets; sourceTree = "<group>"; };
		8C47E8A2291A95650069D887 /* Base */ = {isa = PBXFileReference; lastKnownFileType = file.storyboard; name = Base; path = Base.lproj/LaunchScreen.storyboard; sourceTree = "<group>"; };
		8C47E8A4291A95650069D887 /* Info.plist */ = {isa = PBXFileReference; lastKnownFileType = text.plist.xml; path = Info.plist; sourceTree = "<group>"; };
		8C47E8A9291A95650069D887 /* Assignment_PallavTests.xctest */ = {isa = PBXFileReference; explicitFileType = wrapper.cfbundle; includeInIndex = 0; path = Assignment_PallavTests.xctest; sourceTree = BUILT_PRODUCTS_DIR; };
		8C47E8AD291A95650069D887 /* Assignment_PallavTests.swift */ = {isa = PBXFileReference; lastKnownFileType = sourcecode.swift; path = Assignment_PallavTests.swift; sourceTree = "<group>"; };
		8C47E8B3291A95650069D887 /* Assignment_PallavUITests.xctest */ = {isa = PBXFileReference; explicitFileType = wrapper.cfbundle; includeInIndex = 0; path = Assignment_PallavUITests.xctest; sourceTree = BUILT_PRODUCTS_DIR; };
		8C47E8B7291A95650069D887 /* Assignment_PallavUITests.swift */ = {isa = PBXFileReference; lastKnownFileType = sourcecode.swift; path = Assignment_PallavUITests.swift; sourceTree = "<group>"; };
		8C47E8B9291A95650069D887 /* Assignment_PallavUITestsLaunchTests.swift */ = {isa = PBXFileReference; lastKnownFileType = sourcecode.swift; path = Assignment_PallavUITestsLaunchTests.swift; sourceTree = "<group>"; };
/* End PBXFileReference section */

/* Begin PBXFrameworksBuildPhase section */
		8C47E88D291A95630069D887 /* Frameworks */ = {
			isa = PBXFrameworksBuildPhase;
			buildActionMask = 2147483647;
			files = (
			);
			runOnlyForDeploymentPostprocessing = 0;
		};
		8C47E8A6291A95650069D887 /* Frameworks */ = {
			isa = PBXFrameworksBuildPhase;
			buildActionMask = 2147483647;
			files = (
			);
			runOnlyForDeploymentPostprocessing = 0;
		};
		8C47E8B0291A95650069D887 /* Frameworks */ = {
			isa = PBXFrameworksBuildPhase;
			buildActionMask = 2147483647;
			files = (
			);
			runOnlyForDeploymentPostprocessing = 0;
		};
/* End PBXFrameworksBuildPhase section */

/* Begin PBXGroup section */
		8C47E887291A95630069D887 = {
			isa = PBXGroup;
			children = (
				8C47E892291A95630069D887 /* Assignment_Pallav */,
				8C47E8AC291A95650069D887 /* Assignment_PallavTests */,
				8C47E8B6291A95650069D887 /* Assignment_PallavUITests */,
				8C47E891291A95630069D887 /* Products */,
			);
			sourceTree = "<group>";
		};
		8C47E891291A95630069D887 /* Products */ = {
			isa = PBXGroup;
			children = (
				8C47E890291A95630069D887 /* Assignment_Pallav.app */,
				8C47E8A9291A95650069D887 /* Assignment_PallavTests.xctest */,
				8C47E8B3291A95650069D887 /* Assignment_PallavUITests.xctest */,
			);
			name = Products;
			sourceTree = "<group>";
		};
		8C47E892291A95630069D887 /* Assignment_Pallav */ = {
			isa = PBXGroup;
			children = (
				8C47E893291A95630069D887 /* AppDelegate.swift */,
				8C47E895291A95630069D887 /* SceneDelegate.swift */,
				8C47E897291A95630069D887 /* ViewController.swift */,
				8C47E899291A95630069D887 /* Main.storyboard */,
				8C47E89F291A95650069D887 /* Assets.xcassets */,
				8C47E8A1291A95650069D887 /* LaunchScreen.storyboard */,
				8C47E8A4291A95650069D887 /* Info.plist */,
				8C47E89C291A95630069D887 /* Assignment_Pallav.xcdatamodeld */,
			);
			path = Assignment_Pallav;
			sourceTree = "<group>";
		};
		8C47E8AC291A95650069D887 /* Assignment_PallavTests */ = {
			isa = PBXGroup;
			children = (
				8C47E8AD291A95650069D887 /* Assignment_PallavTests.swift */,
			);
			path = Assignment_PallavTests;
			sourceTree = "<group>";
		};
		8C47E8B6291A95650069D887 /* Assignment_PallavUITests */ = {
			isa = PBXGroup;
			children = (
				8C47E8B7291A95650069D887 /* Assignment_PallavUITests.swift */,
				8C47E8B9291A95650069D887 /* Assignment_PallavUITestsLaunchTests.swift */,
			);
			path = Assignment_PallavUITests;
			sourceTree = "<group>";
		};
/* End PBXGroup section */

/* Begin PBXNativeTarget section */
		8C47E88F291A95630069D887 /* Assignment_Pallav */ = {
			isa = PBXNativeTarget;
			buildConfigurationList = 8C47E8BD291A95650069D887 /* Build configuration list for PBXNativeTarget "Assignment_Pallav" */;
			buildPhases = (
				8C47E88C291A95630069D887 /* Sources */,
				8C47E88D291A95630069D887 /* Frameworks */,
				8C47E88E291A95630069D887 /* Resources */,
			);
			buildRules = (
			);
			dependencies = (
			);
			name = Assignment_Pallav;
			productName = Assignment_Pallav;
			productReference = 8C47E890291A95630069D887 /* Assignment_Pallav.app */;
			productType = "com.apple.product-type.application";
		};
		8C47E8A8291A95650069D887 /* Assignment_PallavTests */ = {
			isa = PBXNativeTarget;
			buildConfigurationList = 8C47E8C0291A95650069D887 /* Build configuration list for PBXNativeTarget "Assignment_PallavTests" */;
			buildPhases = (
				8C47E8A5291A95650069D887 /* Sources */,
				8C47E8A6291A95650069D887 /* Frameworks */,
				8C47E8A7291A95650069D887 /* Resources */,
			);
			buildRules = (
			);
			dependencies = (
				8C47E8AB291A95650069D887 /* PBXTargetDependency */,
			);
			name = Assignment_PallavTests;
			productName = Assignment_PallavTests;
			productReference = 8C47E8A9291A95650069D887 /* Assignment_PallavTests.xctest */;
			productType = "com.apple.product-type.bundle.unit-test";
		};
		8C47E8B2291A95650069D887 /* Assignment_PallavUITests */ = {
			isa = PBXNativeTarget;
			buildConfigurationList = 8C47E8C3291A95650069D887 /* Build configuration list for PBXNativeTarget "Assignment_PallavUITests" */;
			buildPhases = (
				8C47E8AF291A95650069D887 /* Sources */,
				8C47E8B0291A95650069D887 /* Frameworks */,
				8C47E8B1291A95650069D887 /* Resources */,
			);
			buildRules = (
			);
			dependencies = (
				8C47E8B5291A95650069D887 /* PBXTargetDependency */,
			);
			name = Assignment_PallavUITests;
			productName = Assignment_PallavUITests;
			productReference = 8C47E8B3291A95650069D887 /* Assignment_PallavUITests.xctest */;
			productType = "com.apple.product-type.bundle.ui-testing";
		};
/* End PBXNativeTarget section */

/* Begin PBXProject section */
		8C47E888291A95630069D887 /* Project object */ = {
			isa = PBXProject;
			attributes = {
				BuildIndependentTargetsInParallel = 1;
				LastSwiftUpdateCheck = 1400;
				LastUpgradeCheck = 1400;
				TargetAttributes = {
					8C47E88F291A95630069D887 = {
						CreatedOnToolsVersion = 14.0;
					};
					8C47E8A8291A95650069D887 = {
						CreatedOnToolsVersion = 14.0;
						TestTargetID = 8C47E88F291A95630069D887;
					};
					8C47E8B2291A95650069D887 = {
						CreatedOnToolsVersion = 14.0;
						TestTargetID = 8C47E88F291A95630069D887;
					};
				};
			};
			buildConfigurationList = 8C47E88B291A95630069D887 /* Build configuration list for PBXProject "Assignment_Pallav" */;
			compatibilityVersion = "Xcode 14.0";
			developmentRegion = en;
			hasScannedForEncodings = 0;
			knownRegions = (
				en,
				Base,
			);
			mainGroup = 8C47E887291A95630069D887;
			productRefGroup = 8C47E891291A95630069D887 /* Products */;
			projectDirPath = "";
			projectRoot = "";
			targets = (
				8C47E88F291A95630069D887 /* Assignment_Pallav */,
				8C47E8A8291A95650069D887 /* Assignment_PallavTests */,
				8C47E8B2291A95650069D887 /* Assignment_PallavUITests */,
			);
		};
/* End PBXProject section */

/* Begin PBXResourcesBuildPhase section */
		8C47E88E291A95630069D887 /* Resources */ = {
			isa = PBXResourcesBuildPhase;
			buildActionMask = 2147483647;
			files = (
				8C47E8A3291A95650069D887 /* LaunchScreen.storyboard in Resources */,
				8C47E8A0291A95650069D887 /* Assets.xcassets in Resources */,
				8C47E89B291A95630069D887 /* Main.storyboard in Resources */,
			);
			runOnlyForDeploymentPostprocessing = 0;
		};
		8C47E8A7291A95650069D887 /* Resources */ = {
			isa = PBXResourcesBuildPhase;
			buildActionMask = 2147483647;
			files = (
			);
			runOnlyForDeploymentPostprocessing = 0;
		};
		8C47E8B1291A95650069D887 /* Resources */ = {
			isa = PBXResourcesBuildPhase;
			buildActionMask = 2147483647;
			files = (
			);
			runOnlyForDeploymentPostprocessing = 0;
		};
/* End PBXResourcesBuildPhase section */

/* Begin PBXSourcesBuildPhase section */
		8C47E88C291A95630069D887 /* Sources */ = {
			isa = PBXSourcesBuildPhase;
			buildActionMask = 2147483647;
			files = (
				8C47E898291A95630069D887 /* ViewController.swift in Sources */,
				8C47E894291A95630069D887 /* AppDelegate.swift in Sources */,
				8C47E89E291A95630069D887 /* Assignment_Pallav.xcdatamodeld in Sources */,
				8C47E896291A95630069D887 /* SceneDelegate.swift in Sources */,
			);
			runOnlyForDeploymentPostprocessing = 0;
		};
		8C47E8A5291A95650069D887 /* Sources */ = {
			isa = PBXSourcesBuildPhase;
			buildActionMask = 2147483647;
			files = (
				8C47E8AE291A95650069D887 /* Assignment_PallavTests.swift in Sources */,
			);
			runOnlyForDeploymentPostprocessing = 0;
		};
		8C47E8AF291A95650069D887 /* Sources */ = {
			isa = PBXSourcesBuildPhase;
			buildActionMask = 2147483647;
			files = (
				8C47E8B8291A95650069D887 /* Assignment_PallavUITests.swift in Sources */,
				8C47E8BA291A95650069D887 /* Assignment_PallavUITestsLaunchTests.swift in Sources */,
			);
			runOnlyForDeploymentPostprocessing = 0;
		};
/* End PBXSourcesBuildPhase section */

/* Begin PBXTargetDependency section */
		8C47E8AB291A95650069D887 /* PBXTargetDependency */ = {
			isa = PBXTargetDependency;
			target = 8C47E88F291A95630069D887 /* Assignment_Pallav */;
			targetProxy = 8C47E8AA291A95650069D887 /* PBXContainerItemProxy */;
		};
		8C47E8B5291A95650069D887 /* PBXTargetDependency */ = {
			isa = PBXTargetDependency;
			target = 8C47E88F291A95630069D887 /* Assignment_Pallav */;
			targetProxy = 8C47E8B4291A95650069D887 /* PBXContainerItemProxy */;
		};
/* End PBXTargetDependency section */

/* Begin PBXVariantGroup section */
		8C47E899291A95630069D887 /* Main.storyboard */ = {
			isa = PBXVariantGroup;
			children = (
				8C47E89A291A95630069D887 /* Base */,
			);
			name = Main.storyboard;
			sourceTree = "<group>";
		};
		8C47E8A1291A95650069D887 /* LaunchScreen.storyboard */ = {
			isa = PBXVariantGroup;
			children = (
				8C47E8A2291A95650069D887 /* Base */,
			);
			name = LaunchScreen.storyboard;
			sourceTree = "<group>";
		};
/* End PBXVariantGroup section */

/* Begin XCBuildConfiguration section */
		8C47E8BB291A95650069D887 /* Debug */ = {
			isa = XCBuildConfiguration;
			buildSettings = {
				ALWAYS_SEARCH_USER_PATHS = NO;
				CLANG_ANALYZER_NONNULL = YES;
				CLANG_ANALYZER_NUMBER_OBJECT_CONVERSION = YES_AGGRESSIVE;
				CLANG_CXX_LANGUAGE_STANDARD = "gnu++20";
				CLANG_ENABLE_MODULES = YES;
				CLANG_ENABLE_OBJC_ARC = YES;
				CLANG_ENABLE_OBJC_WEAK = YES;
				CLANG_WARN_BLOCK_CAPTURE_AUTORELEASING = YES;
				CLANG_WARN_BOOL_CONVERSION = YES;
				CLANG_WARN_COMMA = YES;
				CLANG_WARN_CONSTANT_CONVERSION = YES;
				CLANG_WARN_DEPRECATED_OBJC_IMPLEMENTATIONS = YES;
				CLANG_WARN_DIRECT_OBJC_ISA_USAGE = YES_ERROR;
				CLANG_WARN_DOCUMENTATION_COMMENTS = YES;
				CLANG_WARN_EMPTY_BODY = YES;
				CLANG_WARN_ENUM_CONVERSION = YES;
				CLANG_WARN_INFINITE_RECURSION = YES;
				CLANG_WARN_INT_CONVERSION = YES;
				CLANG_WARN_NON_LITERAL_NULL_CONVERSION = YES;
				CLANG_WARN_OBJC_IMPLICIT_RETAIN_SELF = YES;
				CLANG_WARN_OBJC_LITERAL_CONVERSION = YES;
				CLANG_WARN_OBJC_ROOT_CLASS = YES_ERROR;
				CLANG_WARN_QUOTED_INCLUDE_IN_FRAMEWORK_HEADER = YES;
				CLANG_WARN_RANGE_LOOP_ANALYSIS = YES;
				CLANG_WARN_STRICT_PROTOTYPES = YES;
				CLANG_WARN_SUSPICIOUS_MOVE = YES;
				CLANG_WARN_UNGUARDED_AVAILABILITY = YES_AGGRESSIVE;
				CLANG_WARN_UNREACHABLE_CODE = YES;
				CLANG_WARN__DUPLICATE_METHOD_MATCH = YES;
				COPY_PHASE_STRIP = NO;
				DEBUG_INFORMATION_FORMAT = dwarf;
				ENABLE_STRICT_OBJC_MSGSEND = YES;
				ENABLE_TESTABILITY = YES;
				GCC_C_LANGUAGE_STANDARD = gnu11;
				GCC_DYNAMIC_NO_PIC = NO;
				GCC_NO_COMMON_BLOCKS = YES;
				GCC_OPTIMIZATION_LEVEL = 0;
				GCC_PREPROCESSOR_DEFINITIONS = (
					"DEBUG=1",
					"$(inherited)",
				);
				GCC_WARN_64_TO_32_BIT_CONVERSION = YES;
				GCC_WARN_ABOUT_RETURN_TYPE = YES_ERROR;
				GCC_WARN_UNDECLARED_SELECTOR = YES;
				GCC_WARN_UNINITIALIZED_AUTOS = YES_AGGRESSIVE;
				GCC_WARN_UNUSED_FUNCTION = YES;
				GCC_WARN_UNUSED_VARIABLE = YES;
				IPHONEOS_DEPLOYMENT_TARGET = 16.0;
				MTL_ENABLE_DEBUG_INFO = INCLUDE_SOURCE;
				MTL_FAST_MATH = YES;
				ONLY_ACTIVE_ARCH = YES;
				SDKROOT = iphoneos;
				SWIFT_ACTIVE_COMPILATION_CONDITIONS = DEBUG;
				SWIFT_OPTIMIZATION_LEVEL = "-Onone";
			};
			name = Debug;
		};
		8C47E8BC291A95650069D887 /* Release */ = {
			isa = XCBuildConfiguration;
			buildSettings = {
				ALWAYS_SEARCH_USER_PATHS = NO;
				CLANG_ANALYZER_NONNULL = YES;
				CLANG_ANALYZER_NUMBER_OBJECT_CONVERSION = YES_AGGRESSIVE;
				CLANG_CXX_LANGUAGE_STANDARD = "gnu++20";
				CLANG_ENABLE_MODULES = YES;
				CLANG_ENABLE_OBJC_ARC = YES;
				CLANG_ENABLE_OBJC_WEAK = YES;
				CLANG_WARN_BLOCK_CAPTURE_AUTORELEASING = YES;
				CLANG_WARN_BOOL_CONVERSION = YES;
				CLANG_WARN_COMMA = YES;
				CLANG_WARN_CONSTANT_CONVERSION = YES;
				CLANG_WARN_DEPRECATED_OBJC_IMPLEMENTATIONS = YES;
				CLANG_WARN_DIRECT_OBJC_ISA_USAGE = YES_ERROR;
				CLANG_WARN_DOCUMENTATION_COMMENTS = YES;
				CLANG_WARN_EMPTY_BODY = YES;
				CLANG_WARN_ENUM_CONVERSION = YES;
				CLANG_WARN_INFINITE_RECURSION = YES;
				CLANG_WARN_INT_CONVERSION = YES;
				CLANG_WARN_NON_LITERAL_NULL_CONVERSION = YES;
				CLANG_WARN_OBJC_IMPLICIT_RETAIN_SELF = YES;
				CLANG_WARN_OBJC_LITERAL_CONVERSION = YES;
				CLANG_WARN_OBJC_ROOT_CLASS = YES_ERROR;
				CLANG_WARN_QUOTED_INCLUDE_IN_FRAMEWORK_HEADER = YES;
				CLANG_WARN_RANGE_LOOP_ANALYSIS = YES;
				CLANG_WARN_STRICT_PROTOTYPES = YES;
				CLANG_WARN_SUSPICIOUS_MOVE = YES;
				CLANG_WARN_UNGUARDED_AVAILABILITY = YES_AGGRESSIVE;
				CLANG_WARN_UNREACHABLE_CODE = YES;
				CLANG_WARN__DUPLICATE_METHOD_MATCH = YES;
				COPY_PHASE_STRIP = NO;
				DEBUG_INFORMATION_FORMAT = "dwarf-with-dsym";
				ENABLE_NS_ASSERTIONS = NO;
				ENABLE_STRICT_OBJC_MSGSEND = YES;
				GCC_C_LANGUAGE_STANDARD = gnu11;
				GCC_NO_COMMON_BLOCKS = YES;
				GCC_WARN_64_TO_32_BIT_CONVERSION = YES;
				GCC_WARN_ABOUT_RETURN_TYPE = YES_ERROR;
				GCC_WARN_UNDECLARED_SELECTOR = YES;
				GCC_WARN_UNINITIALIZED_AUTOS = YES_AGGRESSIVE;
				GCC_WARN_UNUSED_FUNCTION = YES;
				GCC_WARN_UNUSED_VARIABLE = YES;
				IPHONEOS_DEPLOYMENT_TARGET = 16.0;
				MTL_ENABLE_DEBUG_INFO = NO;
				MTL_FAST_MATH = YES;
				SDKROOT = iphoneos;
				SWIFT_COMPILATION_MODE = wholemodule;
				SWIFT_OPTIMIZATION_LEVEL = "-O";
				VALIDATE_PRODUCT = YES;
			};
			name = Release;
		};
		8C47E8BE291A95650069D887 /* Debug */ = {
			isa = XCBuildConfiguration;
			buildSettings = {
				ASSETCATALOG_COMPILER_APPICON_NAME = AppIcon;
				ASSETCATALOG_COMPILER_GLOBAL_ACCENT_COLOR_NAME = AccentColor;
				CODE_SIGN_STYLE = Automatic;
				CURRENT_PROJECT_VERSION = 1;
				GENERATE_INFOPLIST_FILE = YES;
				INFOPLIST_FILE = Assignment_Pallav/Info.plist;
				INFOPLIST_KEY_UIApplicationSupportsIndirectInputEvents = YES;
				INFOPLIST_KEY_UILaunchStoryboardName = LaunchScreen;
				INFOPLIST_KEY_UIMainStoryboardFile = Main;
				INFOPLIST_KEY_UISupportedInterfaceOrientations_iPad = "UIInterfaceOrientationPortrait UIInterfaceOrientationPortraitUpsideDown UIInterfaceOrientationLandscapeLeft UIInterfaceOrientationLandscapeRight";
				INFOPLIST_KEY_UISupportedInterfaceOrientations_iPhone = "UIInterfaceOrientationPortrait UIInterfaceOrientationLandscapeLeft UIInterfaceOrientationLandscapeRight";
				LD_RUNPATH_SEARCH_PATHS = (
					"$(inherited)",
					"@executable_path/Frameworks",
				);
				MARKETING_VERSION = 1.0;
				PRODUCT_BUNDLE_IDENTIFIER = "com.pallav.Assignment-Pallav";
				PRODUCT_NAME = "$(TARGET_NAME)";
				SWIFT_EMIT_LOC_STRINGS = YES;
				SWIFT_VERSION = 5.0;
				TARGETED_DEVICE_FAMILY = "1,2";
			};
			name = Debug;
		};
		8C47E8BF291A95650069D887 /* Release */ = {
			isa = XCBuildConfiguration;
			buildSettings = {
				ASSETCATALOG_COMPILER_APPICON_NAME = AppIcon;
				ASSETCATALOG_COMPILER_GLOBAL_ACCENT_COLOR_NAME = AccentColor;
				CODE_SIGN_STYLE = Automatic;
				CURRENT_PROJECT_VERSION = 1;
				GENERATE_INFOPLIST_FILE = YES;
				INFOPLIST_FILE = Assignment_Pallav/Info.plist;
				INFOPLIST_KEY_UIApplicationSupportsIndirectInputEvents = YES;
				INFOPLIST_KEY_UILaunchStoryboardName = LaunchScreen;
				INFOPLIST_KEY_UIMainStoryboardFile = Main;
				INFOPLIST_KEY_UISupportedInterfaceOrientations_iPad = "UIInterfaceOrientationPortrait UIInterfaceOrientationPortraitUpsideDown UIInterfaceOrientationLandscapeLeft UIInterfaceOrientationLandscapeRight";
				INFOPLIST_KEY_UISupportedInterfaceOrientations_iPhone = "UIInterfaceOrientationPortrait UIInterfaceOrientationLandscapeLeft UIInterfaceOrientationLandscapeRight";
				LD_RUNPATH_SEARCH_PATHS = (
					"$(inherited)",
					"@executable_path/Frameworks",
				);
				MARKETING_VERSION = 1.0;
				PRODUCT_BUNDLE_IDENTIFIER = "com.pallav.Assignment-Pallav";
				PRODUCT_NAME = "$(TARGET_NAME)";
				SWIFT_EMIT_LOC_STRINGS = YES;
				SWIFT_VERSION = 5.0;
				TARGETED_DEVICE_FAMILY = "1,2";
			};
			name = Release;
		};
		8C47E8C1291A95650069D887 /* Debug */ = {
			isa = XCBuildConfiguration;
			buildSettings = {
				ALWAYS_EMBED_SWIFT_STANDARD_LIBRARIES = YES;
				BUNDLE_LOADER = "$(TEST_HOST)";
				CODE_SIGN_STYLE = Automatic;
				CURRENT_PROJECT_VERSION = 1;
				GENERATE_INFOPLIST_FILE = YES;
				IPHONEOS_DEPLOYMENT_TARGET = 16.0;
				MARKETING_VERSION = 1.0;
				PRODUCT_BUNDLE_IDENTIFIER = "com.pallav.Assignment-PallavTests";
				PRODUCT_NAME = "$(TARGET_NAME)";
				SWIFT_EMIT_LOC_STRINGS = NO;
				SWIFT_VERSION = 5.0;
				TARGETED_DEVICE_FAMILY = "1,2";
				TEST_HOST = "$(BUILT_PRODUCTS_DIR)/Assignment_Pallav.app/$(BUNDLE_EXECUTABLE_FOLDER_PATH)/Assignment_Pallav";
			};
			name = Debug;
		};
		8C47E8C2291A95650069D887 /* Release */ = {
			isa = XCBuildConfiguration;
			buildSettings = {
				ALWAYS_EMBED_SWIFT_STANDARD_LIBRARIES = YES;
				BUNDLE_LOADER = "$(TEST_HOST)";
				CODE_SIGN_STYLE = Automatic;
				CURRENT_PROJECT_VERSION = 1;
				GENERATE_INFOPLIST_FILE = YES;
				IPHONEOS_DEPLOYMENT_TARGET = 16.0;
				MARKETING_VERSION = 1.0;
				PRODUCT_BUNDLE_IDENTIFIER = "com.pallav.Assignment-PallavTests";
				PRODUCT_NAME = "$(TARGET_NAME)";
				SWIFT_EMIT_LOC_STRINGS = NO;
				SWIFT_VERSION = 5.0;
				TARGETED_DEVICE_FAMILY = "1,2";
				TEST_HOST = "$(BUILT_PRODUCTS_DIR)/Assignment_Pallav.app/$(BUNDLE_EXECUTABLE_FOLDER_PATH)/Assignment_Pallav";
			};
			name = Release;
		};
		8C47E8C4291A95650069D887 /* Debug */ = {
			isa = XCBuildConfiguration;
			buildSettings = {
				ALWAYS_EMBED_SWIFT_STANDARD_LIBRARIES = YES;
				CODE_SIGN_STYLE = Automatic;
				CURRENT_PROJECT_VERSION = 1;
				GENERATE_INFOPLIST_FILE = YES;
				MARKETING_VERSION = 1.0;
				PRODUCT_BUNDLE_IDENTIFIER = "com.pallav.Assignment-PallavUITests";
				PRODUCT_NAME = "$(TARGET_NAME)";
				SWIFT_EMIT_LOC_STRINGS = NO;
				SWIFT_VERSION = 5.0;
				TARGETED_DEVICE_FAMILY = "1,2";
				TEST_TARGET_NAME = Assignment_Pallav;
			};
			name = Debug;
		};
		8C47E8C5291A95650069D887 /* Release */ = {
			isa = XCBuildConfiguration;
			buildSettings = {
				ALWAYS_EMBED_SWIFT_STANDARD_LIBRARIES = YES;
				CODE_SIGN_STYLE = Automatic;
				CURRENT_PROJECT_VERSION = 1;
				GENERATE_INFOPLIST_FILE = YES;
				MARKETING_VERSION = 1.0;
				PRODUCT_BUNDLE_IDENTIFIER = "com.pallav.Assignment-PallavUITests";
				PRODUCT_NAME = "$(TARGET_NAME)";
				SWIFT_EMIT_LOC_STRINGS = NO;
				SWIFT_VERSION = 5.0;
				TARGETED_DEVICE_FAMILY = "1,2";
				TEST_TARGET_NAME = Assignment_Pallav;
			};
			name = Release;
		};
/* End XCBuildConfiguration section */

/* Begin XCConfigurationList section */
		8C47E88B291A95630069D887 /* Build configuration list for PBXProject "Assignment_Pallav" */ = {
			isa = XCConfigurationList;
			buildConfigurations = (
				8C47E8BB291A95650069D887 /* Debug */,
				8C47E8BC291A95650069D887 /* Release */,
			);
			defaultConfigurationIsVisible = 0;
			defaultConfigurationName = Release;
		};
		8C47E8BD291A95650069D887 /* Build configuration list for PBXNativeTarget "Assignment_Pallav" */ = {
			isa = XCConfigurationList;
			buildConfigurations = (
				8C47E8BE291A95650069D887 /* Debug */,
				8C47E8BF291A95650069D887 /* Release */,
			);
			defaultConfigurationIsVisible = 0;
			defaultConfigurationName = Release;
		};
		8C47E8C0291A95650069D887 /* Build configuration list for PBXNativeTarget "Assignment_PallavTests" */ = {
			isa = XCConfigurationList;
			buildConfigurations = (
				8C47E8C1291A95650069D887 /* Debug */,
				8C47E8C2291A95650069D887 /* Release */,
			);
			defaultConfigurationIsVisible = 0;
			defaultConfigurationName = Release;
		};
		8C47E8C3291A95650069D887 /* Build configuration list for PBXNativeTarget "Assignment_PallavUITests" */ = {
			isa = XCConfigurationList;
			buildConfigurations = (
				8C47E8C4291A95650069D887 /* Debug */,
				8C47E8C5291A95650069D887 /* Release */,
			);
			defaultConfigurationIsVisible = 0;
			defaultConfigurationName = Release;
		};
/* End XCConfigurationList section */

/* Begin XCVersionGroup section */
		8C47E89C291A95630069D887 /* Assignment_Pallav.xcdatamodeld */ = {
			isa = XCVersionGroup;
			children = (
				8C47E89D291A95630069D887 /* Assignment_Pallav.xcdatamodel */,
			);
			currentVersion = 8C47E89D291A95630069D887 /* Assignment_Pallav.xcdatamodel */;
			path = Assignment_Pallav.xcdatamodeld;
			sourceTree = "<group>";
			versionGroupType = wrapper.xcdatamodel;
		};
/* End XCVersionGroup section */
	};
	rootObject = 8C47E888291A95630069D887 /* Project object */;
}
